
Microsoft Visual Studio Solution File, Format Version 12.00
# Visual Studio Version 16
VisualStudioVersion = 16.0.31019.35
MinimumVisualStudioVersion = 10.0.40219.1
Project("{FAE04EC0-301F-11D3-BF4B-00C04F79EFBC}") = "Test", "Test\Test.csproj", "{9B4EA488-8E31-49AD-BF35-364FD5D2E67D}"
EndProject
Project("{FAE04EC0-301F-11D3-BF4B-00C04F79EFBC}") = "DetailMaterialEntityClass", "..\DetailMaterialEntityClass\DetailMaterialEntityClass.csproj", "{CE201925-8CE5-4140-9AB1-5ED61279235A}"
EndProject
Project("{FAE04EC0-301F-11D3-BF4B-00C04F79EFBC}") = "RevitTest", "..\RevitTest\RevitTest.csproj", "{B90948BF-CE5D-45C6-8EAE-DE912DEB8EC1}"
EndProject
Project("{FAE04EC0-301F-11D3-BF4B-00C04F79EFBC}") = "RevitExportTool", "..\RevitExportTool\RevitExportTool.csproj", "{4D60B8FE-DF2F-42CE-9A28-5237901AC4B0}"
EndProject
Global
	GlobalSection(SolutionConfigurationPlatforms) = preSolution
		Debug|Any CPU = Debug|Any CPU
		Release|Any CPU = Release|Any CPU
	EndGlobalSection
	GlobalSection(ProjectConfigurationPlatforms) = postSolution
		{9B4EA488-8E31-49AD-BF35-364FD5D2E67D}.Debug|Any CPU.ActiveCfg = Debug|Any CPU
		{9B4EA488-8E31-49AD-BF35-364FD5D2E67D}.Debug|Any CPU.Build.0 = Debug|Any CPU
		{9B4EA488-8E31-49AD-BF35-364FD5D2E67D}.Release|Any CPU.ActiveCfg = Release|Any CPU
		{9B4EA488-8E31-49AD-BF35-364FD5D2E67D}.Release|Any CPU.Build.0 = Release|Any CPU
		{CE201925-8CE5-4140-9AB1-5ED61279235A}.Debug|Any CPU.ActiveCfg = Debug|Any CPU
		{CE201925-8CE5-4140-9AB1-5ED61279235A}.Debug|Any CPU.Build.0 = Debug|Any CPU
		{CE201925-8CE5-4140-9AB1-5ED61279235A}.Release|Any CPU.ActiveCfg = Release|Any CPU
		{CE201925-8CE5-4140-9AB1-5ED61279235A}.Release|Any CPU.Build.0 = Release|Any CPU
		{B90948BF-CE5D-45C6-8EAE-DE912DEB8EC1}.Debug|Any CPU.ActiveCfg = Debug|Any CPU
		{B90948BF-CE5D-45C6-8EAE-DE912DEB8EC1}.Debug|Any CPU.Build.0 = Debug|Any CPU
		{B90948BF-CE5D-45C6-8EAE-DE912DEB8EC1}.Release|Any CPU.ActiveCfg = Release|Any CPU
		{B90948BF-CE5D-45C6-8EAE-DE912DEB8EC1}.Release|Any CPU.Build.0 = Release|Any CPU
		{4D60B8FE-DF2F-42CE-9A28-5237901AC4B0}.Debug|Any CPU.ActiveCfg = Debug|Any CPU
		{4D60B8FE-DF2F-42CE-9A28-5237901AC4B0}.Debug|Any CPU.Build.0 = Debug|Any CPU
		{4D60B8FE-DF2F-42CE-9A28-5237901AC4B0}.Release|Any CPU.ActiveCfg = Release|Any CPU
		{4D60B8FE-DF2F-42CE-9A28-5237901AC4B0}.Release|Any CPU.Build.0 = Release|Any CPU
	EndGlobalSection
	GlobalSection(SolutionProperties) = preSolution
		HideSolutionNode = FALSE
	EndGlobalSection
	GlobalSection(ExtensibilityGlobals) = postSolution
		SolutionGuid = {8A940DFA-8AA6-417F-9785-775D75CF9BD3}
	EndGlobalSection
EndGlobal
